
Microsoft Visual Studio Solution File, Format Version 12.00
# Visual Studio 15
VisualStudioVersion = 15.0.26430.12
MinimumVisualStudioVersion = 10.0.40219.1
Project("{FAE04EC0-301F-11D3-BF4B-00C04F79EFBC}") = "WidgetDashboard.WebHost", "WidgetDashboard.WebHost\WidgetDashboard.WebHost.csproj", "{0E5635EA-3FE3-4BA2-99D1-F3D43F769E81}"
	ProjectSection(ProjectDependencies) = postProject
		{F3090930-017F-405C-96C1-21DA2E4B23B0} = {F3090930-017F-405C-96C1-21DA2E4B23B0}
		{12C87E79-1267-42F3-A00F-0427F32C9906} = {12C87E79-1267-42F3-A00F-0427F32C9906}
	EndProjectSection
EndProject
Project("{FAE04EC0-301F-11D3-BF4B-00C04F79EFBC}") = "WidgetDashboard.DomainModel", "WidgetDashboard.DomainModel\WidgetDashboard.DomainModel.csproj", "{DA5180EB-48AC-42CC-AA81-5E74EC9647CF}"
EndProject
Project("{FAE04EC0-301F-11D3-BF4B-00C04F79EFBC}") = "WidgetDashboard.MefRepositories", "WidgetDashboard.MefRepositories\WidgetDashboard.MefRepositories.csproj", "{E329E066-7631-4394-9CC0-AC2D5CEEE9C1}"
EndProject
Project("{2150E333-8FDC-42A3-9474-1A3956D46DE8}") = "Widgets", "Widgets", "{1BB048BD-6E38-4537-A9E4-E27CC6C6AF2C}"
EndProject
Project("{FAE04EC0-301F-11D3-BF4B-00C04F79EFBC}") = "ViewAbsenceWidget", "ViewAbsenceWidget\ViewAbsenceWidget.csproj", "{12C87E79-1267-42F3-A00F-0427F32C9906}"
EndProject
Project("{FAE04EC0-301F-11D3-BF4B-00C04F79EFBC}") = "DashboardWidget", "DashboardWidget\DashboardWidget.csproj", "{F3090930-017F-405C-96C1-21DA2E4B23B0}"
EndProject
Project("{00D1A9C2-B5F0-4AF3-8072-F6C62B433612}") = "Absence.Database", "Absence.Database\Absence.Database.sqlproj", "{2F25DC2A-5E9D-49C8-B399-4A1787B52D31}"
EndProject
Project("{FAE04EC0-301F-11D3-BF4B-00C04F79EFBC}") = "Absence.API", "Absence.API\Absence.API.csproj", "{5935E5AD-74F4-4AFC-84E8-7D9E21F26CC9}"
EndProject
Project("{FAE04EC0-301F-11D3-BF4B-00C04F79EFBC}") = "CreateAbsenceWidget", "CreateAbsenceWidget\CreateAbsenceWidget.csproj", "{FBBE975A-5484-4620-82C2-CA71979C3D0B}"
EndProject
Global
	GlobalSection(SolutionConfigurationPlatforms) = preSolution
		Debug|Any CPU = Debug|Any CPU
		Release|Any CPU = Release|Any CPU
	EndGlobalSection
	GlobalSection(ProjectConfigurationPlatforms) = postSolution
		{0E5635EA-3FE3-4BA2-99D1-F3D43F769E81}.Debug|Any CPU.ActiveCfg = Debug|Any CPU
		{0E5635EA-3FE3-4BA2-99D1-F3D43F769E81}.Debug|Any CPU.Build.0 = Debug|Any CPU
		{0E5635EA-3FE3-4BA2-99D1-F3D43F769E81}.Release|Any CPU.ActiveCfg = Release|Any CPU
		{0E5635EA-3FE3-4BA2-99D1-F3D43F769E81}.Release|Any CPU.Build.0 = Release|Any CPU
		{DA5180EB-48AC-42CC-AA81-5E74EC9647CF}.Debug|Any CPU.ActiveCfg = Debug|Any CPU
		{DA5180EB-48AC-42CC-AA81-5E74EC9647CF}.Debug|Any CPU.Build.0 = Debug|Any CPU
		{DA5180EB-48AC-42CC-AA81-5E74EC9647CF}.Release|Any CPU.ActiveCfg = Release|Any CPU
		{DA5180EB-48AC-42CC-AA81-5E74EC9647CF}.Release|Any CPU.Build.0 = Release|Any CPU
		{E329E066-7631-4394-9CC0-AC2D5CEEE9C1}.Debug|Any CPU.ActiveCfg = Debug|Any CPU
		{E329E066-7631-4394-9CC0-AC2D5CEEE9C1}.Debug|Any CPU.Build.0 = Debug|Any CPU
		{E329E066-7631-4394-9CC0-AC2D5CEEE9C1}.Release|Any CPU.ActiveCfg = Release|Any CPU
		{E329E066-7631-4394-9CC0-AC2D5CEEE9C1}.Release|Any CPU.Build.0 = Release|Any CPU
		{12C87E79-1267-42F3-A00F-0427F32C9906}.Debug|Any CPU.ActiveCfg = Debug|Any CPU
		{12C87E79-1267-42F3-A00F-0427F32C9906}.Debug|Any CPU.Build.0 = Debug|Any CPU
		{12C87E79-1267-42F3-A00F-0427F32C9906}.Release|Any CPU.ActiveCfg = Release|Any CPU
		{12C87E79-1267-42F3-A00F-0427F32C9906}.Release|Any CPU.Build.0 = Release|Any CPU
		{F3090930-017F-405C-96C1-21DA2E4B23B0}.Debug|Any CPU.ActiveCfg = Debug|Any CPU
		{F3090930-017F-405C-96C1-21DA2E4B23B0}.Debug|Any CPU.Build.0 = Debug|Any CPU
		{F3090930-017F-405C-96C1-21DA2E4B23B0}.Release|Any CPU.ActiveCfg = Release|Any CPU
		{F3090930-017F-405C-96C1-21DA2E4B23B0}.Release|Any CPU.Build.0 = Release|Any CPU
		{2F25DC2A-5E9D-49C8-B399-4A1787B52D31}.Debug|Any CPU.ActiveCfg = Debug|Any CPU
		{2F25DC2A-5E9D-49C8-B399-4A1787B52D31}.Debug|Any CPU.Build.0 = Debug|Any CPU
		{2F25DC2A-5E9D-49C8-B399-4A1787B52D31}.Debug|Any CPU.Deploy.0 = Debug|Any CPU
		{2F25DC2A-5E9D-49C8-B399-4A1787B52D31}.Release|Any CPU.ActiveCfg = Release|Any CPU
		{2F25DC2A-5E9D-49C8-B399-4A1787B52D31}.Release|Any CPU.Build.0 = Release|Any CPU
		{2F25DC2A-5E9D-49C8-B399-4A1787B52D31}.Release|Any CPU.Deploy.0 = Release|Any CPU
		{5935E5AD-74F4-4AFC-84E8-7D9E21F26CC9}.Debug|Any CPU.ActiveCfg = Debug|Any CPU
		{5935E5AD-74F4-4AFC-84E8-7D9E21F26CC9}.Debug|Any CPU.Build.0 = Debug|Any CPU
		{5935E5AD-74F4-4AFC-84E8-7D9E21F26CC9}.Release|Any CPU.ActiveCfg = Release|Any CPU
		{5935E5AD-74F4-4AFC-84E8-7D9E21F26CC9}.Release|Any CPU.Build.0 = Release|Any CPU
		{FBBE975A-5484-4620-82C2-CA71979C3D0B}.Debug|Any CPU.ActiveCfg = Debug|Any CPU
		{FBBE975A-5484-4620-82C2-CA71979C3D0B}.Debug|Any CPU.Build.0 = Debug|Any CPU
		{FBBE975A-5484-4620-82C2-CA71979C3D0B}.Release|Any CPU.ActiveCfg = Release|Any CPU
		{FBBE975A-5484-4620-82C2-CA71979C3D0B}.Release|Any CPU.Build.0 = Release|Any CPU
	EndGlobalSection
	GlobalSection(SolutionProperties) = preSolution
		HideSolutionNode = FALSE
	EndGlobalSection
	GlobalSection(NestedProjects) = preSolution
		{12C87E79-1267-42F3-A00F-0427F32C9906} = {1BB048BD-6E38-4537-A9E4-E27CC6C6AF2C}
		{F3090930-017F-405C-96C1-21DA2E4B23B0} = {1BB048BD-6E38-4537-A9E4-E27CC6C6AF2C}
		{2F25DC2A-5E9D-49C8-B399-4A1787B52D31} = {1BB048BD-6E38-4537-A9E4-E27CC6C6AF2C}
		{5935E5AD-74F4-4AFC-84E8-7D9E21F26CC9} = {1BB048BD-6E38-4537-A9E4-E27CC6C6AF2C}
		{FBBE975A-5484-4620-82C2-CA71979C3D0B} = {1BB048BD-6E38-4537-A9E4-E27CC6C6AF2C}
	EndGlobalSection
EndGlobal
